
Microsoft Visual Studio Solution File, Format Version 12.00
Project("{FAE04EC0-301F-11D3-BF4B-00C04F79EFBC}") = "IoTBay", "IoTBay\IoTBay.csproj", "{9B1D0370-A05B-4CF1-B6F1-FEC756507A1E}"
EndProject
Project("{2150E333-8FDC-42A3-9474-1A3956D46DE8}") = "Solution Items", "Solution Items", "{27C6DE5B-3E74-4921-9458-53F7AD3DA8FE}"
	ProjectSection(SolutionItems) = preProject
		compose.yaml = compose.yaml
	EndProjectSection
EndProject
Global
	GlobalSection(SolutionConfigurationPlatforms) = preSolution
		Debug|Any CPU = Debug|Any CPU
		Release|Any CPU = Release|Any CPU
	EndGlobalSection
	GlobalSection(ProjectConfigurationPlatforms) = postSolution
		{9B1D0370-A05B-4CF1-B6F1-FEC756507A1E}.Debug|Any CPU.ActiveCfg = Debug|Any CPU
		{9B1D0370-A05B-4CF1-B6F1-FEC756507A1E}.Debug|Any CPU.Build.0 = Debug|Any CPU
		{9B1D0370-A05B-4CF1-B6F1-FEC756507A1E}.Release|Any CPU.ActiveCfg = Release|Any CPU
		{9B1D0370-A05B-4CF1-B6F1-FEC756507A1E}.Release|Any CPU.Build.0 = Release|Any CPU
	EndGlobalSection
EndGlobal
